{
  "name": "web",
  "version": "1.0.0",
  "lockfileVersion": 1,
  "requires": true,
  "dependencies": {
    "isass": {
      "version": "0.0.1",
      "resolved": "https://registry.npmjs.org/isass/-/isass-0.0.1.tgz",
      "integrity": "sha512-RAgvXUH/xcjAqAqnTVm9mYkmUxVMIMt1ZQaQwNuTxldDFKbFKri/rl4s5tAc9/mX8QYDpXhTwH0gxecopTGC5Q=="
    }
  }
}
